
Microsoft Visual Studio Solution File, Format Version 12.00
# Visual Studio 15
VisualStudioVersion = 15.0.33026.149
MinimumVisualStudioVersion = 10.0.40219.1
Project("{8BC9CEB8-8B4A-11D0-8D11-00A0C91BC942}") = "Week4", "Week4\Week4.vcxproj", "{F7BAE54E-1600-4DC9-87E4-B175D11BAC54}"
EndProject
Global
	GlobalSection(SolutionConfigurationPlatforms) = preSolution
		Debug|x64 = Debug|x64
		Debug|x86 = Debug|x86
		Release|x64 = Release|x64
		Release|x86 = Release|x86
	EndGlobalSection
	GlobalSection(ProjectConfigurationPlatforms) = postSolution
		{F7BAE54E-1600-4DC9-87E4-B175D11BAC54}.Debug|x64.ActiveCfg = Debug|x64
		{F7BAE54E-1600-4DC9-87E4-B175D11BAC54}.Debug|x64.Build.0 = Debug|x64
		{F7BAE54E-1600-4DC9-87E4-B175D11BAC54}.Debug|x86.ActiveCfg = Debug|Win32
		{F7BAE54E-1600-4DC9-87E4-B175D11BAC54}.Debug|x86.Build.0 = Debug|Win32
		{F7BAE54E-1600-4DC9-87E4-B175D11BAC54}.Release|x64.ActiveCfg = Release|x64
		{F7BAE54E-1600-4DC9-87E4-B175D11BAC54}.Release|x64.Build.0 = Release|x64
		{F7BAE54E-1600-4DC9-87E4-B175D11BAC54}.Release|x86.ActiveCfg = Release|Win32
		{F7BAE54E-1600-4DC9-87E4-B175D11BAC54}.Release|x86.Build.0 = Release|Win32
	EndGlobalSection
	GlobalSection(SolutionProperties) = preSolution
		HideSolutionNode = FALSE
	EndGlobalSection
	GlobalSection(ExtensibilityGlobals) = postSolution
		SolutionGuid = {93D286CA-7438-432E-8E98-A503E7FAD698}
	EndGlobalSection
EndGlobal
